
Microsoft Visual Studio Solution File, Format Version 12.00
# Visual Studio Version 16
VisualStudioVersion = 16.0.31402.337
MinimumVisualStudioVersion = 10.0.40219.1
Project("{FAE04EC0-301F-11D3-BF4B-00C04F79EFBC}") = "WebApiRest", "WebApiRest\WebApiRest.csproj", "{546A91EF-44E0-47F5-A472-42D59B7A4F09}"
EndProject
Project("{FAE04EC0-301F-11D3-BF4B-00C04F79EFBC}") = "LogicaNegocios", "LogicaNegocios\LogicaNegocios.csproj", "{E6B0A98A-8EE7-435F-B52E-E29E559CEC70}"
EndProject
Project("{FAE04EC0-301F-11D3-BF4B-00C04F79EFBC}") = "TestsUnitarios", "TestsUnitarios\TestsUnitarios.csproj", "{69B314E5-D386-4727-BB2A-C52B40558408}"
EndProject
Global
	GlobalSection(SolutionConfigurationPlatforms) = preSolution
		Debug|Any CPU = Debug|Any CPU
		Release|Any CPU = Release|Any CPU
	EndGlobalSection
	GlobalSection(ProjectConfigurationPlatforms) = postSolution
		{546A91EF-44E0-47F5-A472-42D59B7A4F09}.Debug|Any CPU.ActiveCfg = Debug|Any CPU
		{546A91EF-44E0-47F5-A472-42D59B7A4F09}.Debug|Any CPU.Build.0 = Debug|Any CPU
		{546A91EF-44E0-47F5-A472-42D59B7A4F09}.Release|Any CPU.ActiveCfg = Release|Any CPU
		{546A91EF-44E0-47F5-A472-42D59B7A4F09}.Release|Any CPU.Build.0 = Release|Any CPU
		{E6B0A98A-8EE7-435F-B52E-E29E559CEC70}.Debug|Any CPU.ActiveCfg = Debug|Any CPU
		{E6B0A98A-8EE7-435F-B52E-E29E559CEC70}.Debug|Any CPU.Build.0 = Debug|Any CPU
		{E6B0A98A-8EE7-435F-B52E-E29E559CEC70}.Release|Any CPU.ActiveCfg = Release|Any CPU
		{E6B0A98A-8EE7-435F-B52E-E29E559CEC70}.Release|Any CPU.Build.0 = Release|Any CPU
		{69B314E5-D386-4727-BB2A-C52B40558408}.Debug|Any CPU.ActiveCfg = Debug|Any CPU
		{69B314E5-D386-4727-BB2A-C52B40558408}.Debug|Any CPU.Build.0 = Debug|Any CPU
		{69B314E5-D386-4727-BB2A-C52B40558408}.Release|Any CPU.ActiveCfg = Release|Any CPU
		{69B314E5-D386-4727-BB2A-C52B40558408}.Release|Any CPU.Build.0 = Release|Any CPU
	EndGlobalSection
	GlobalSection(SolutionProperties) = preSolution
		HideSolutionNode = FALSE
	EndGlobalSection
	GlobalSection(ExtensibilityGlobals) = postSolution
		SolutionGuid = {B98AF317-D224-4E89-8E60-EBFE61B40CCA}
	EndGlobalSection
EndGlobal
